# THIS IS AN AUTOGENERATED FILE. DO NOT EDIT THIS FILE DIRECTLY.
# yarn lockfile v1


"@popperjs/core@^2.9.2":
  version "2.11.0"
  resolved "https://registry.npmmirror.com/@popperjs/core/download/@popperjs/core-2.11.0.tgz#6734f8ebc106a0860dff7f92bf90df193f0935d7"
  integrity sha512-zrsUxjLOKAzdewIDRWy9nsV1GQsKBCWaGwsZQlCgr6/q+vjyZhFgqedLfFBuI9anTPEUT4APq9Mu0SZBTzIcGQ==

"@vant/icons@^1.7.1":
  version "1.7.3"
  resolved "https://registry.npmmirror.com/@vant/icons/download/@vant/icons-1.7.3.tgz#e51b46065cfde445617401ebe309a33b62a29725"
  integrity sha512-tW4EqzxN4kXw1rnlnQJQHofEifPbt/gECOWiibomht8QLyvoGuE4iUmDFS288dJ07ZjuTy0bhdABj0SENo2fmQ==

"@vant/popperjs@^1.1.0":
  version "1.1.0"
  resolved "https://registry.npmmirror.com/@vant/popperjs/download/@vant/popperjs-1.1.0.tgz#b4edee5bbfa6fb18705986e313d4fd5f17942a0f"
  integrity sha1-tO3uW7+m+xhwWYbjE9T9XxeUKg8=
  dependencies:
    "@popperjs/core" "^2.9.2"

"@vant/use@^1.3.4":
  version "1.3.4"
  resolved "https://registry.npmmirror.com/@vant/use/download/@vant/use-1.3.4.tgz#f99482d63682973a2775aa5c1a9cf906862a4f71"
  integrity sha512-XvZkPCjcmEBhD+T3vB68thOG6P9jazld6aBTMenhbAQd4FT/x9AiKIWPJx4MvhYoSIWt7fju6K01XTJldWs1hw==

"@vant/weapp@^1.10.0":
  version "1.10.0"
  resolved "https://registry.npmmirror.com/@vant/weapp/download/@vant/weapp-1.10.0.tgz#7d4a4a56673544f9d0d7f094d19006abb31db67d"
  integrity sha512-cNW2U98GlYwh8t4loEASyvukITlPohJM9HkAF8/dRSJrKm2689nqE8eeASFkWADdhqayGvy08cWoJhqMNh6ZXA==

vant@3:
  version "3.3.7"
  resolved "https://registry.npmmirror.com/vant/download/vant-3.3.7.tgz#57e97972148e173b88254402c83191cc6148fdbf"
  integrity sha512-xDNqdBvBAELwkkC4QqzXvcqQJMCP6l0faYDH0aU1dfkIm7Muc+7gqyHMVhPKPFcDGBP33ilZd0Vg2+JoIQWitw==
  dependencies:
    "@vant/icons" "^1.7.1"
    "@vant/popperjs" "^1.1.0"
    "@vant/use" "^1.3.4"
